
Microsoft Visual Studio Solution File, Format Version 12.00
# Visual Studio Version 17
VisualStudioVersion = 17.5.33414.496
MinimumVisualStudioVersion = 10.0.40219.1
Project("{9A19103F-16F7-4668-BE54-9A1E7A4F7556}") = "Bannerlord.BannerCraft", "Bannerlord.BannerCraft\Bannerlord.BannerCraft.csproj", "{966AED8F-97C3-4BA4-ADAA-D677BAF2D989}"
EndProject
Project("{2150E333-8FDC-42A3-9474-1A3956D46DE8}") = "Solution Items", "Solution Items", "{F15FF9F4-3F83-439A-AD81-EEDA363C83ED}"
	ProjectSection(SolutionItems) = preProject
		supported-game-versions.txt = supported-game-versions.txt
	EndProjectSection
EndProject
Project("{2150E333-8FDC-42A3-9474-1A3956D46DE8}") = "build", "build", "{44F6B1F6-5F01-4D27-B570-D1AE0D685895}"
	ProjectSection(SolutionItems) = preProject
		build\common.props = build\common.props
		build\common.targets = build\common.targets
	EndProjectSection
EndProject
Project("{2150E333-8FDC-42A3-9474-1A3956D46DE8}") = ".github", ".github", "{C4F563C8-068E-441E-9108-C39F2DA75AEA}"
	ProjectSection(SolutionItems) = preProject
		.github\dependabot.yml = .github\dependabot.yml
	EndProjectSection
EndProject
Project("{2150E333-8FDC-42A3-9474-1A3956D46DE8}") = "workflows", "workflows", "{25FC2C2A-E6BD-4031-972B-EE5113FA1C44}"
	ProjectSection(SolutionItems) = preProject
		.github\workflows\build.yml = .github\workflows\build.yml
		.github\workflows\publish.yml = .github\workflows\publish.yml
	EndProjectSection
EndProject
Global
	GlobalSection(SolutionConfigurationPlatforms) = preSolution
		Debug|x64 = Debug|x64
		Release|x64 = Release|x64
	EndGlobalSection
	GlobalSection(ProjectConfigurationPlatforms) = postSolution
		{966AED8F-97C3-4BA4-ADAA-D677BAF2D989}.Debug|x64.ActiveCfg = Stable_Debug|x64
		{966AED8F-97C3-4BA4-ADAA-D677BAF2D989}.Debug|x64.Build.0 = Stable_Debug|x64
		{966AED8F-97C3-4BA4-ADAA-D677BAF2D989}.Release|x64.ActiveCfg = Stable_Release|x64
		{966AED8F-97C3-4BA4-ADAA-D677BAF2D989}.Release|x64.Build.0 = Stable_Release|x64
	EndGlobalSection
	GlobalSection(SolutionProperties) = preSolution
		HideSolutionNode = FALSE
	EndGlobalSection
	GlobalSection(NestedProjects) = preSolution
		{25FC2C2A-E6BD-4031-972B-EE5113FA1C44} = {C4F563C8-068E-441E-9108-C39F2DA75AEA}
	EndGlobalSection
	GlobalSection(ExtensibilityGlobals) = postSolution
		SolutionGuid = {3F8A90C1-7660-4DD6-8BE7-264E986E7F9C}
	EndGlobalSection
EndGlobal
